
Microsoft Visual Studio Solution File, Format Version 12.00
# Visual Studio Version 16
VisualStudioVersion = 16.0.31205.134
MinimumVisualStudioVersion = 10.0.40219.1
Project("{FAE04EC0-301F-11D3-BF4B-00C04F79EFBC}") = "LasmartTest.Server", "Server\LasmartTest.Server.csproj", "{9A6E0563-BF9D-49F5-B3F4-6CF323C490DC}"
EndProject
Project("{FAE04EC0-301F-11D3-BF4B-00C04F79EFBC}") = "LasmartTest.Client", "Client\LasmartTest.Client.csproj", "{4BD19A92-9E00-4CFE-97C3-2DB73F719C87}"
EndProject
Project("{FAE04EC0-301F-11D3-BF4B-00C04F79EFBC}") = "LasmartTest.Shared", "Shared\LasmartTest.Shared.csproj", "{A9BC02CE-1877-42EA-8AC8-FC5680F6ED52}"
EndProject
Global
	GlobalSection(SolutionConfigurationPlatforms) = preSolution
		Debug|Any CPU = Debug|Any CPU
		Release|Any CPU = Release|Any CPU
	EndGlobalSection
	GlobalSection(ProjectConfigurationPlatforms) = postSolution
		{9A6E0563-BF9D-49F5-B3F4-6CF323C490DC}.Debug|Any CPU.ActiveCfg = Debug|Any CPU
		{9A6E0563-BF9D-49F5-B3F4-6CF323C490DC}.Debug|Any CPU.Build.0 = Debug|Any CPU
		{9A6E0563-BF9D-49F5-B3F4-6CF323C490DC}.Release|Any CPU.ActiveCfg = Release|Any CPU
		{9A6E0563-BF9D-49F5-B3F4-6CF323C490DC}.Release|Any CPU.Build.0 = Release|Any CPU
		{4BD19A92-9E00-4CFE-97C3-2DB73F719C87}.Debug|Any CPU.ActiveCfg = Debug|Any CPU
		{4BD19A92-9E00-4CFE-97C3-2DB73F719C87}.Debug|Any CPU.Build.0 = Debug|Any CPU
		{4BD19A92-9E00-4CFE-97C3-2DB73F719C87}.Release|Any CPU.ActiveCfg = Release|Any CPU
		{4BD19A92-9E00-4CFE-97C3-2DB73F719C87}.Release|Any CPU.Build.0 = Release|Any CPU
		{A9BC02CE-1877-42EA-8AC8-FC5680F6ED52}.Debug|Any CPU.ActiveCfg = Debug|Any CPU
		{A9BC02CE-1877-42EA-8AC8-FC5680F6ED52}.Debug|Any CPU.Build.0 = Debug|Any CPU
		{A9BC02CE-1877-42EA-8AC8-FC5680F6ED52}.Release|Any CPU.ActiveCfg = Release|Any CPU
		{A9BC02CE-1877-42EA-8AC8-FC5680F6ED52}.Release|Any CPU.Build.0 = Release|Any CPU
	EndGlobalSection
	GlobalSection(SolutionProperties) = preSolution
		HideSolutionNode = FALSE
	EndGlobalSection
	GlobalSection(ExtensibilityGlobals) = postSolution
		SolutionGuid = {6CEA0ED9-97E8-4A94-BC05-EF019E6EB229}
	EndGlobalSection
EndGlobal
